PODS:
  - BeKindRewind (2.3.2):
    - OHHTTPStubs (~> 5.0.0)
  - JSONLiteralString (0.3.0)
  - OHHTTPStubs (5.0.0):
    - OHHTTPStubs/Default (= 5.0.0)
  - OHHTTPStubs/Core (5.0.0)
  - OHHTTPStubs/Default (5.0.0):
    - OHHTTPStubs/Core
    - OHHTTPStubs/JSON
    - OHHTTPStubs/NSURLSession
    - OHHTTPStubs/OHPathHelpers
  - OHHTTPStubs/JSON (5.0.0):
    - OHHTTPStubs/Core
  - OHHTTPStubs/NSURLSession (5.0.0):
    - OHHTTPStubs/Core
  - OHHTTPStubs/OHPathHelpers (5.0.0)
  - PubNub (4.5.2):
    - PubNub/Core (= 4.5.2)
  - PubNub/Core (4.5.2)
  - PubNubTesting (0.9.0):
    - BeKindRewind (~> 2.3.2)
    - JSONLiteralString
    - PubNub

DEPENDENCIES:
  - PubNubTesting (from `.`)

EXTERNAL SOURCES:
  PubNubTesting:
    :path: .

SPEC CHECKSUMS:
  BeKindRewind: bd3713b67a4b269bb3e938abd3306a2ee11107f7
  JSONLiteralString: 00002dc3523978adfaa683071aabcf96423ebce0
  OHHTTPStubs: a5d2e9eea07869d42ec03338325f398bc520e159
  PubNub: 1b6da1bb6a971214ab9fb42e40aed23f77438d26
  PubNubTesting: 2c4ef301c987df607e7466dacde73b1c9ee04c1e

PODFILE CHECKSUM: 3ea0fd87aced5abf0fc136daed7e6a11ef6a27c2

COCOAPODS: 1.0.1
