PODS:
  - BeKindRewind (2.3.2):
    - OHHTTPStubs (~> 5.0.0)
  - CocoaLumberjack (2.3.0):
    - CocoaLumberjack/Default (= 2.3.0)
    - CocoaLumberjack/Extensions (= 2.3.0)
  - CocoaLumberjack/Core (2.3.0)
  - CocoaLumberjack/Default (2.3.0):
    - CocoaLumberjack/Core
  - CocoaLumberjack/Extensions (2.3.0):
    - CocoaLumberjack/Default
  - JSONLiteralString (0.3.0)
  - OHHTTPStubs (5.0.0):
    - OHHTTPStubs/Default (= 5.0.0)
  - OHHTTPStubs/Core (5.0.0)
  - OHHTTPStubs/Default (5.0.0):
    - OHHTTPStubs/Core
    - OHHTTPStubs/JSON
    - OHHTTPStubs/NSURLSession
    - OHHTTPStubs/OHPathHelpers
  - OHHTTPStubs/JSON (5.0.0):
    - OHHTTPStubs/Core
  - OHHTTPStubs/NSURLSession (5.0.0):
    - OHHTTPStubs/Core
  - OHHTTPStubs/OHPathHelpers (5.0.0)
  - PubNub (4.3.3):
    - CocoaLumberjack (= 2.3.0)
    - PubNub/Core (= 4.3.3)
  - PubNub/Core (4.3.3):
    - CocoaLumberjack (= 2.3.0)
  - PubNubTesting (0.7.3):
    - BeKindRewind (~> 2.3.2)
    - JSONLiteralString
    - PubNub

DEPENDENCIES:
  - PubNubTesting (from `.`)

EXTERNAL SOURCES:
  PubNubTesting:
    :path: .

SPEC CHECKSUMS:
  BeKindRewind: bd3713b67a4b269bb3e938abd3306a2ee11107f7
  CocoaLumberjack: 97fab7ee5f507fe54445cca7ea80f926729cfd15
  JSONLiteralString: 00002dc3523978adfaa683071aabcf96423ebce0
  OHHTTPStubs: a5d2e9eea07869d42ec03338325f398bc520e159
  PubNub: 51acd937c947d931a75d2caef654fd12f7573e09
  PubNubTesting: 1c020e7bfa6a9ccc9afc2786a1171e4c912a4729

PODFILE CHECKSUM: 3ea0fd87aced5abf0fc136daed7e6a11ef6a27c2

COCOAPODS: 1.0.1
